// !$*UTF8*$!
{
	archiveVersion = 1;
	classes = {
	};
	objectVersion = 51;
	objects = {

/* Begin PBXBuildFile section */
		6059CDA32AA1202400254CC9 /* LocationSelectionViewController.swift in Sources */ = {isa = PBXBuildFile; fileRef = 6059CDA22AA1202400254CC9 /* LocationSelectionViewController.swift */; };
		6059CDA62AA138AE00254CC9 /* WeatherService.swift in Sources */ = {isa = PBXBuildFile; fileRef = 6059CDA52AA138AE00254CC9 /* WeatherService.swift */; };
		6059CDA82AA13C5800254CC9 /* Constants.swift in Sources */ = {isa = PBXBuildFile; fileRef = 6059CDA72AA13C5800254CC9 /* Constants.swift */; };
		6059CDB12AA2029000254CC9 /* HourlyForecast.swift in Sources */ = {isa = PBXBuildFile; fileRef = 6059CDB02AA2029000254CC9 /* HourlyForecast.swift */; };
		D5680409164D769F12191918 /* libPods-WeatherForecast.a in Frameworks */ = {isa = PBXBuildFile; fileRef = D8731D9DC8AD8C67DD07DDF3 /* libPods-WeatherForecast.a */; };
		F32EF02D25C1CEA400099F4A /* WeatherLocation.swift in Sources */ = {isa = PBXBuildFile; fileRef = F32EF02C25C1CEA400099F4A /* WeatherLocation.swift */; };
		F339BD2125AB814C004DB611 /* AppDelegate.swift in Sources */ = {isa = PBXBuildFile; fileRef = F339BD2025AB814C004DB611 /* AppDelegate.swift */; };
		F339BD2325AB814C004DB611 /* SceneDelegate.swift in Sources */ = {isa = PBXBuildFile; fileRef = F339BD2225AB814C004DB611 /* SceneDelegate.swift */; };
		F339BD2825AB814C004DB611 /* Main.storyboard in Resources */ = {isa = PBXBuildFile; fileRef = F339BD2625AB814C004DB611 /* Main.storyboard */; };
		F339BD2A25AB814C004DB611 /* Assets.xcassets in Resources */ = {isa = PBXBuildFile; fileRef = F339BD2925AB814C004DB611 /* Assets.xcassets */; };
		F34ADF6925C20523002794D3 /* APIKeys.swift in Sources */ = {isa = PBXBuildFile; fileRef = F34ADF6825C20523002794D3 /* APIKeys.swift */; };
		F35C2C7C25CC746E00EBC707 /* ExtensionUIViewController.swift in Sources */ = {isa = PBXBuildFile; fileRef = F35C2C7B25CC746E00EBC707 /* ExtensionUIViewController.swift */; };
		F35C2D0125CCCAC900EBC707 /* OneCallModel.swift in Sources */ = {isa = PBXBuildFile; fileRef = F35C2D0025CCCAC900EBC707 /* OneCallModel.swift */; };
		F35FA84F25CBFD1000F6E81A /* PageViewController.swift in Sources */ = {isa = PBXBuildFile; fileRef = F35FA84E25CBFD1000F6E81A /* PageViewController.swift */; };
		F3649D8725C4AED300B1854F /* NetworkOpenWeatherManager.swift in Sources */ = {isa = PBXBuildFile; fileRef = F3649D8625C4AED300B1854F /* NetworkOpenWeatherManager.swift */; };
		F3649D8A25C4B0EF00B1854F /* OpenWeatherController.swift in Sources */ = {isa = PBXBuildFile; fileRef = F3649D8925C4B0EF00B1854F /* OpenWeatherController.swift */; };
		F3942F1E25CA9C9800A1014F /* LocationDetailViewController.swift in Sources */ = {isa = PBXBuildFile; fileRef = F3942F1D25CA9C9800A1014F /* LocationDetailViewController.swift */; };
		F3942F2125CAA08B00A1014F /* DailyForecast.swift in Sources */ = {isa = PBXBuildFile; fileRef = F3942F2025CAA08B00A1014F /* DailyForecast.swift */; };
		F3942F2525CAA0DC00A1014F /* DailyTableViewCell.swift in Sources */ = {isa = PBXBuildFile; fileRef = F3942F2425CAA0DC00A1014F /* DailyTableViewCell.swift */; };
		F3942F2925CAA14700A1014F /* HourlyCollectionViewCell.swift in Sources */ = {isa = PBXBuildFile; fileRef = F3942F2825CAA14700A1014F /* HourlyCollectionViewCell.swift */; };
		F3B6E9C525BE13DB0073C170 /* CitySelectionTableViewCell.swift in Sources */ = {isa = PBXBuildFile; fileRef = F3B6E9C425BE13DB0073C170 /* CitySelectionTableViewCell.swift */; };
		F3D2F57025CD506900F5E529 /* Launch Screen.storyboard in Resources */ = {isa = PBXBuildFile; fileRef = F3D2F56F25CD506900F5E529 /* Launch Screen.storyboard */; };
/* End PBXBuildFile section */

/* Begin PBXFileReference section */
		6059CDA22AA1202400254CC9 /* LocationSelectionViewController.swift */ = {isa = PBXFileReference; lastKnownFileType = sourcecode.swift; path = LocationSelectionViewController.swift; sourceTree = "<group>"; };
		6059CDA52AA138AE00254CC9 /* WeatherService.swift */ = {isa = PBXFileReference; lastKnownFileType = sourcecode.swift; path = WeatherService.swift; sourceTree = "<group>"; };
		6059CDA72AA13C5800254CC9 /* Constants.swift */ = {isa = PBXFileReference; lastKnownFileType = sourcecode.swift; path = Constants.swift; sourceTree = "<group>"; };
		6059CDB02AA2029000254CC9 /* HourlyForecast.swift */ = {isa = PBXFileReference; lastKnownFileType = sourcecode.swift; path = HourlyForecast.swift; sourceTree = "<group>"; };
		BB4256AF3E4DCAE60EEF4AFA /* Pods-WeatherForecast.debug.xcconfig */ = {isa = PBXFileReference; includeInIndex = 1; lastKnownFileType = text.xcconfig; name = "Pods-WeatherForecast.debug.xcconfig"; path = "Target Support Files/Pods-WeatherForecast/Pods-WeatherForecast.debug.xcconfig"; sourceTree = "<group>"; };
		D8731D9DC8AD8C67DD07DDF3 /* libPods-WeatherForecast.a */ = {isa = PBXFileReference; explicitFileType = archive.ar; includeInIndex = 0; path = "libPods-WeatherForecast.a"; sourceTree = BUILT_PRODUCTS_DIR; };
		F1AD9818C900E88D68683A41 /* Pods-WeatherForecast.release.xcconfig */ = {isa = PBXFileReference; includeInIndex = 1; lastKnownFileType = text.xcconfig; name = "Pods-WeatherForecast.release.xcconfig"; path = "Target Support Files/Pods-WeatherForecast/Pods-WeatherForecast.release.xcconfig"; sourceTree = "<group>"; };
		F32EF02C25C1CEA400099F4A /* WeatherLocation.swift */ = {isa = PBXFileReference; lastKnownFileType = sourcecode.swift; path = WeatherLocation.swift; sourceTree = "<group>"; };
		F339BD1D25AB814C004DB611 /* WeatherForecast.app */ = {isa = PBXFileReference; explicitFileType = wrapper.application; includeInIndex = 0; path = WeatherForecast.app; sourceTree = BUILT_PRODUCTS_DIR; };
		F339BD2025AB814C004DB611 /* AppDelegate.swift */ = {isa = PBXFileReference; lastKnownFileType = sourcecode.swift; path = AppDelegate.swift; sourceTree = "<group>"; };
		F339BD2225AB814C004DB611 /* SceneDelegate.swift */ = {isa = PBXFileReference; lastKnownFileType = sourcecode.swift; path = SceneDelegate.swift; sourceTree = "<group>"; };
		F339BD2725AB814C004DB611 /* Base */ = {isa = PBXFileReference; lastKnownFileType = file.storyboard; name = Base; path = Base.lproj/Main.storyboard; sourceTree = "<group>"; };
		F339BD2925AB814C004DB611 /* Assets.xcassets */ = {isa = PBXFileReference; lastKnownFileType = folder.assetcatalog; path = Assets.xcassets; sourceTree = "<group>"; };
		F339BD2E25AB814C004DB611 /* Info.plist */ = {isa = PBXFileReference; lastKnownFileType = text.plist.xml; path = Info.plist; sourceTree = "<group>"; };
		F34ADF6825C20523002794D3 /* APIKeys.swift */ = {isa = PBXFileReference; lastKnownFileType = sourcecode.swift; path = APIKeys.swift; sourceTree = "<group>"; };
		F35C2C7B25CC746E00EBC707 /* ExtensionUIViewController.swift */ = {isa = PBXFileReference; lastKnownFileType = sourcecode.swift; path = ExtensionUIViewController.swift; sourceTree = "<group>"; };
		F35C2D0025CCCAC900EBC707 /* OneCallModel.swift */ = {isa = PBXFileReference; lastKnownFileType = sourcecode.swift; path = OneCallModel.swift; sourceTree = "<group>"; };
		F35FA84E25CBFD1000F6E81A /* PageViewController.swift */ = {isa = PBXFileReference; lastKnownFileType = sourcecode.swift; path = PageViewController.swift; sourceTree = "<group>"; };
		F3649D8625C4AED300B1854F /* NetworkOpenWeatherManager.swift */ = {isa = PBXFileReference; lastKnownFileType = sourcecode.swift; path = NetworkOpenWeatherManager.swift; sourceTree = "<group>"; };
		F3649D8925C4B0EF00B1854F /* OpenWeatherController.swift */ = {isa = PBXFileReference; lastKnownFileType = sourcecode.swift; path = OpenWeatherController.swift; sourceTree = "<group>"; };
		F3942F1D25CA9C9800A1014F /* LocationDetailViewController.swift */ = {isa = PBXFileReference; lastKnownFileType = sourcecode.swift; path = LocationDetailViewController.swift; sourceTree = "<group>"; };
		F3942F2025CAA08B00A1014F /* DailyForecast.swift */ = {isa = PBXFileReference; lastKnownFileType = sourcecode.swift; path = DailyForecast.swift; sourceTree = "<group>"; };
		F3942F2425CAA0DC00A1014F /* DailyTableViewCell.swift */ = {isa = PBXFileReference; lastKnownFileType = sourcecode.swift; path = DailyTableViewCell.swift; sourceTree = "<group>"; };
		F3942F2825CAA14700A1014F /* HourlyCollectionViewCell.swift */ = {isa = PBXFileReference; lastKnownFileType = sourcecode.swift; path = HourlyCollectionViewCell.swift; sourceTree = "<group>"; };
		F3B6E9C425BE13DB0073C170 /* CitySelectionTableViewCell.swift */ = {isa = PBXFileReference; lastKnownFileType = sourcecode.swift; path = CitySelectionTableViewCell.swift; sourceTree = "<group>"; };
		F3D2F56F25CD506900F5E529 /* Launch Screen.storyboard */ = {isa = PBXFileReference; lastKnownFileType = file.storyboard; path = "Launch Screen.storyboard"; sourceTree = "<group>"; };
/* End PBXFileReference section */

/* Begin PBXFrameworksBuildPhase section */
		F339BD1A25AB814C004DB611 /* Frameworks */ = {
			isa = PBXFrameworksBuildPhase;
			buildActionMask = 2147483647;
			files = (
				D5680409164D769F12191918 /* libPods-WeatherForecast.a in Frameworks */,
			);
			runOnlyForDeploymentPostprocessing = 0;
		};
/* End PBXFrameworksBuildPhase section */

/* Begin PBXGroup section */
		1D927D41ECC59E78A43B6ACD /* Pods */ = {
			isa = PBXGroup;
			children = (
				BB4256AF3E4DCAE60EEF4AFA /* Pods-WeatherForecast.debug.xcconfig */,
				F1AD9818C900E88D68683A41 /* Pods-WeatherForecast.release.xcconfig */,
			);
			path = Pods;
			sourceTree = "<group>";
		};
		6059CDA42AA1348300254CC9 /* Extensions */ = {
			isa = PBXGroup;
			children = (
				F35C2C7B25CC746E00EBC707 /* ExtensionUIViewController.swift */,
			);
			path = Extensions;
			sourceTree = "<group>";
		};
		6059CDAE2AA1EA5E00254CC9 /* Cells */ = {
			isa = PBXGroup;
			children = (
				F3B6E9C425BE13DB0073C170 /* CitySelectionTableViewCell.swift */,
				F3942F2825CAA14700A1014F /* HourlyCollectionViewCell.swift */,
				F3942F2425CAA0DC00A1014F /* DailyTableViewCell.swift */,
			);
			path = Cells;
			sourceTree = "<group>";
		};
		6059CDAF2AA1EA7A00254CC9 /* ViewControllers */ = {
			isa = PBXGroup;
			children = (
				F3649D8925C4B0EF00B1854F /* OpenWeatherController.swift */,
				F35FA84E25CBFD1000F6E81A /* PageViewController.swift */,
				F3942F1D25CA9C9800A1014F /* LocationDetailViewController.swift */,
				6059CDA22AA1202400254CC9 /* LocationSelectionViewController.swift */,
				F339BD2625AB814C004DB611 /* Main.storyboard */,
			);
			path = ViewControllers;
			sourceTree = "<group>";
		};
		81CFB8CC125E242E3F12A3BE /* Frameworks */ = {
			isa = PBXGroup;
			children = (
				D8731D9DC8AD8C67DD07DDF3 /* libPods-WeatherForecast.a */,
			);
			name = Frameworks;
			sourceTree = "<group>";
		};
		F339BD1425AB814B004DB611 = {
			isa = PBXGroup;
			children = (
				F339BD1F25AB814C004DB611 /* WeatherForecast */,
				F339BD1E25AB814C004DB611 /* Products */,
				1D927D41ECC59E78A43B6ACD /* Pods */,
				81CFB8CC125E242E3F12A3BE /* Frameworks */,
			);
			sourceTree = "<group>";
		};
		F339BD1E25AB814C004DB611 /* Products */ = {
			isa = PBXGroup;
			children = (
				F339BD1D25AB814C004DB611 /* WeatherForecast.app */,
			);
			name = Products;
			sourceTree = "<group>";
		};
		F339BD1F25AB814C004DB611 /* WeatherForecast */ = {
			isa = PBXGroup;
			children = (
				6059CDA42AA1348300254CC9 /* Extensions */,
				F339BD2025AB814C004DB611 /* AppDelegate.swift */,
				F339BD2225AB814C004DB611 /* SceneDelegate.swift */,
				6059CDA72AA13C5800254CC9 /* Constants.swift */,
				F3C88DA725BEB44B00B80A9D /* Model */,
				F3C88DA325BEB32300B80A9D /* NetworkManager */,
				6059CDAE2AA1EA5E00254CC9 /* Cells */,
				6059CDAF2AA1EA7A00254CC9 /* ViewControllers */,
				F3D2F56F25CD506900F5E529 /* Launch Screen.storyboard */,
				F339BD2925AB814C004DB611 /* Assets.xcassets */,
				F339BD2E25AB814C004DB611 /* Info.plist */,
			);
			path = WeatherForecast;
			sourceTree = "<group>";
		};
		F3C88DA325BEB32300B80A9D /* NetworkManager */ = {
			isa = PBXGroup;
			children = (
				F3649D8625C4AED300B1854F /* NetworkOpenWeatherManager.swift */,
				F34ADF6825C20523002794D3 /* APIKeys.swift */,
				6059CDA52AA138AE00254CC9 /* WeatherService.swift */,
			);
			path = NetworkManager;
			sourceTree = "<group>";
		};
		F3C88DA725BEB44B00B80A9D /* Model */ = {
			isa = PBXGroup;
			children = (
				F3942F2025CAA08B00A1014F /* DailyForecast.swift */,
				6059CDB02AA2029000254CC9 /* HourlyForecast.swift */,
				F35C2D0025CCCAC900EBC707 /* OneCallModel.swift */,
				F32EF02C25C1CEA400099F4A /* WeatherLocation.swift */,
			);
			path = Model;
			sourceTree = "<group>";
		};
/* End PBXGroup section */

/* Begin PBXNativeTarget section */
		F339BD1C25AB814C004DB611 /* WeatherForecast */ = {
			isa = PBXNativeTarget;
			buildConfigurationList = F339BD3125AB814C004DB611 /* Build configuration list for PBXNativeTarget "WeatherForecast" */;
			buildPhases = (
				FED3524FF09DDE8195676690 /* [CP] Check Pods Manifest.lock */,
				F339BD1925AB814C004DB611 /* Sources */,
				F339BD1A25AB814C004DB611 /* Frameworks */,
				F339BD1B25AB814C004DB611 /* Resources */,
				009919D7CB5A79DBA6F40066 /* [CP] Copy Pods Resources */,
			);
			buildRules = (
			);
			dependencies = (
			);
			name = WeatherForecast;
			productName = WeatherForecast;
			productReference = F339BD1D25AB814C004DB611 /* WeatherForecast.app */;
			productType = "com.apple.product-type.application";
		};
/* End PBXNativeTarget section */

/* Begin PBXProject section */
		F339BD1525AB814B004DB611 /* Project object */ = {
			isa = PBXProject;
			attributes = {
				LastSwiftUpdateCheck = 1230;
				LastUpgradeCheck = 1230;
				TargetAttributes = {
					F339BD1C25AB814C004DB611 = {
						CreatedOnToolsVersion = 12.3;
					};
				};
			};
			buildConfigurationList = F339BD1825AB814B004DB611 /* Build configuration list for PBXProject "WeatherForecast" */;
			compatibilityVersion = "Xcode 9.3";
			developmentRegion = en;
			hasScannedForEncodings = 0;
			knownRegions = (
				en,
				Base,
			);
			mainGroup = F339BD1425AB814B004DB611;
			productRefGroup = F339BD1E25AB814C004DB611 /* Products */;
			projectDirPath = "";
			projectRoot = "";
			targets = (
				F339BD1C25AB814C004DB611 /* WeatherForecast */,
			);
		};
/* End PBXProject section */

/* Begin PBXResourcesBuildPhase section */
		F339BD1B25AB814C004DB611 /* Resources */ = {
			isa = PBXResourcesBuildPhase;
			buildActionMask = 2147483647;
			files = (
				F3D2F57025CD506900F5E529 /* Launch Screen.storyboard in Resources */,
				F339BD2A25AB814C004DB611 /* Assets.xcassets in Resources */,
				F339BD2825AB814C004DB611 /* Main.storyboard in Resources */,
			);
			runOnlyForDeploymentPostprocessing = 0;
		};
/* End PBXResourcesBuildPhase section */

/* Begin PBXShellScriptBuildPhase section */
		009919D7CB5A79DBA6F40066 /* [CP] Copy Pods Resources */ = {
			isa = PBXShellScriptBuildPhase;
			buildActionMask = 2147483647;
			files = (
			);
			inputFileListPaths = (
				"${PODS_ROOT}/Target Support Files/Pods-WeatherForecast/Pods-WeatherForecast-resources-${CONFIGURATION}-input-files.xcfilelist",
			);
			name = "[CP] Copy Pods Resources";
			outputFileListPaths = (
				"${PODS_ROOT}/Target Support Files/Pods-WeatherForecast/Pods-WeatherForecast-resources-${CONFIGURATION}-output-files.xcfilelist",
			);
			runOnlyForDeploymentPostprocessing = 0;
			shellPath = /bin/sh;
			shellScript = "\"${PODS_ROOT}/Target Support Files/Pods-WeatherForecast/Pods-WeatherForecast-resources.sh\"\n";
			showEnvVarsInLog = 0;
		};
		FED3524FF09DDE8195676690 /* [CP] Check Pods Manifest.lock */ = {
			isa = PBXShellScriptBuildPhase;
			buildActionMask = 2147483647;
			files = (
			);
			inputFileListPaths = (
			);
			inputPaths = (
				"${PODS_PODFILE_DIR_PATH}/Podfile.lock",
				"${PODS_ROOT}/Manifest.lock",
			);
			name = "[CP] Check Pods Manifest.lock";
			outputFileListPaths = (
			);
			outputPaths = (
				"$(DERIVED_FILE_DIR)/Pods-WeatherForecast-checkManifestLockResult.txt",
			);
			runOnlyForDeploymentPostprocessing = 0;
			shellPath = /bin/sh;
			shellScript = "diff \"${PODS_PODFILE_DIR_PATH}/Podfile.lock\" \"${PODS_ROOT}/Manifest.lock\" > /dev/null\nif [ $? != 0 ] ; then\n    # print error to STDERR\n    echo \"error: The sandbox is not in sync with the Podfile.lock. Run 'pod install' or update your CocoaPods installation.\" >&2\n    exit 1\nfi\n# This output is used by Xcode 'outputs' to avoid re-running this script phase.\necho \"SUCCESS\" > \"${SCRIPT_OUTPUT_FILE_0}\"\n";
			showEnvVarsInLog = 0;
		};
/* End PBXShellScriptBuildPhase section */

/* Begin PBXSourcesBuildPhase section */
		F339BD1925AB814C004DB611 /* Sources */ = {
			isa = PBXSourcesBuildPhase;
			buildActionMask = 2147483647;
			files = (
				6059CDA62AA138AE00254CC9 /* WeatherService.swift in Sources */,
				6059CDA82AA13C5800254CC9 /* Constants.swift in Sources */,
				F3942F2525CAA0DC00A1014F /* DailyTableViewCell.swift in Sources */,
				F339BD2125AB814C004DB611 /* AppDelegate.swift in Sources */,
				F3942F1E25CA9C9800A1014F /* LocationDetailViewController.swift in Sources */,
				F3649D8A25C4B0EF00B1854F /* OpenWeatherController.swift in Sources */,
				6059CDA32AA1202400254CC9 /* LocationSelectionViewController.swift in Sources */,
				F3942F2125CAA08B00A1014F /* DailyForecast.swift in Sources */,
				F34ADF6925C20523002794D3 /* APIKeys.swift in Sources */,
				F35C2C7C25CC746E00EBC707 /* ExtensionUIViewController.swift in Sources */,
				F32EF02D25C1CEA400099F4A /* WeatherLocation.swift in Sources */,
				F339BD2325AB814C004DB611 /* SceneDelegate.swift in Sources */,
				F3B6E9C525BE13DB0073C170 /* CitySelectionTableViewCell.swift in Sources */,
				F3649D8725C4AED300B1854F /* NetworkOpenWeatherManager.swift in Sources */,
				F35C2D0125CCCAC900EBC707 /* OneCallModel.swift in Sources */,
				6059CDB12AA2029000254CC9 /* HourlyForecast.swift in Sources */,
				F3942F2925CAA14700A1014F /* HourlyCollectionViewCell.swift in Sources */,
				F35FA84F25CBFD1000F6E81A /* PageViewController.swift in Sources */,
			);
			runOnlyForDeploymentPostprocessing = 0;
		};
/* End PBXSourcesBuildPhase section */

/* Begin PBXVariantGroup section */
		F339BD2625AB814C004DB611 /* Main.storyboard */ = {
			isa = PBXVariantGroup;
			children = (
				F339BD2725AB814C004DB611 /* Base */,
			);
			name = Main.storyboard;
			sourceTree = "<group>";
		};
/* End PBXVariantGroup section */

/* Begin XCBuildConfiguration section */
		F339BD2F25AB814C004DB611 /* Debug */ = {
			isa = XCBuildConfiguration;
			buildSettings = {
				ALWAYS_SEARCH_USER_PATHS = NO;
				CLANG_ANALYZER_NONNULL = YES;
				CLANG_ANALYZER_NUMBER_OBJECT_CONVERSION = YES_AGGRESSIVE;
				CLANG_CXX_LANGUAGE_STANDARD = "gnu++14";
				CLANG_CXX_LIBRARY = "libc++";
				CLANG_ENABLE_MODULES = YES;
				CLANG_ENABLE_OBJC_ARC = YES;
				CLANG_ENABLE_OBJC_WEAK = YES;
				CLANG_WARN_BLOCK_CAPTURE_AUTORELEASING = YES;
				CLANG_WARN_BOOL_CONVERSION = YES;
				CLANG_WARN_COMMA = YES;
				CLANG_WARN_CONSTANT_CONVERSION = YES;
				CLANG_WARN_DEPRECATED_OBJC_IMPLEMENTATIONS = YES;
				CLANG_WARN_DIRECT_OBJC_ISA_USAGE = YES_ERROR;
				CLANG_WARN_DOCUMENTATION_COMMENTS = YES;
				CLANG_WARN_EMPTY_BODY = YES;
				CLANG_WARN_ENUM_CONVERSION = YES;
				CLANG_WARN_INFINITE_RECURSION = YES;
				CLANG_WARN_INT_CONVERSION = YES;
				CLANG_WARN_NON_LITERAL_NULL_CONVERSION = YES;
				CLANG_WARN_OBJC_IMPLICIT_RETAIN_SELF = YES;
				CLANG_WARN_OBJC_LITERAL_CONVERSION = YES;
				CLANG_WARN_OBJC_ROOT_CLASS = YES_ERROR;
				CLANG_WARN_QUOTED_INCLUDE_IN_FRAMEWORK_HEADER = YES;
				CLANG_WARN_RANGE_LOOP_ANALYSIS = YES;
				CLANG_WARN_STRICT_PROTOTYPES = YES;
				CLANG_WARN_SUSPICIOUS_MOVE = YES;
				CLANG_WARN_UNGUARDED_AVAILABILITY = YES_AGGRESSIVE;
				CLANG_WARN_UNREACHABLE_CODE = YES;
				CLANG_WARN__DUPLICATE_METHOD_MATCH = YES;
				COPY_PHASE_STRIP = NO;
				DEBUG_INFORMATION_FORMAT = dwarf;
				ENABLE_STRICT_OBJC_MSGSEND = YES;
				ENABLE_TESTABILITY = YES;
				GCC_C_LANGUAGE_STANDARD = gnu11;
				GCC_DYNAMIC_NO_PIC = NO;
				GCC_NO_COMMON_BLOCKS = YES;
				GCC_OPTIMIZATION_LEVEL = 0;
				GCC_PREPROCESSOR_DEFINITIONS = (
					"DEBUG=1",
					"$(inherited)",
				);
				GCC_WARN_64_TO_32_BIT_CONVERSION = YES;
				GCC_WARN_ABOUT_RETURN_TYPE = YES_ERROR;
				GCC_WARN_UNDECLARED_SELECTOR = YES;
				GCC_WARN_UNINITIALIZED_AUTOS = YES_AGGRESSIVE;
				GCC_WARN_UNUSED_FUNCTION = YES;
				GCC_WARN_UNUSED_VARIABLE = YES;
				IPHONEOS_DEPLOYMENT_TARGET = 14.3;
				MTL_ENABLE_DEBUG_INFO = INCLUDE_SOURCE;
				MTL_FAST_MATH = YES;
				ONLY_ACTIVE_ARCH = YES;
				SDKROOT = iphoneos;
				SWIFT_ACTIVE_COMPILATION_CONDITIONS = DEBUG;
				SWIFT_OPTIMIZATION_LEVEL = "-Onone";
			};
			name = Debug;
		};
		F339BD3025AB814C004DB611 /* Release */ = {
			isa = XCBuildConfiguration;
			buildSettings = {
				ALWAYS_SEARCH_USER_PATHS = NO;
				CLANG_ANALYZER_NONNULL = YES;
				CLANG_ANALYZER_NUMBER_OBJECT_CONVERSION = YES_AGGRESSIVE;
				CLANG_CXX_LANGUAGE_STANDARD = "gnu++14";
				CLANG_CXX_LIBRARY = "libc++";
				CLANG_ENABLE_MODULES = YES;
				CLANG_ENABLE_OBJC_ARC = YES;
				CLANG_ENABLE_OBJC_WEAK = YES;
				CLANG_WARN_BLOCK_CAPTURE_AUTORELEASING = YES;
				CLANG_WARN_BOOL_CONVERSION = YES;
				CLANG_WARN_COMMA = YES;
				CLANG_WARN_CONSTANT_CONVERSION = YES;
				CLANG_WARN_DEPRECATED_OBJC_IMPLEMENTATIONS = YES;
				CLANG_WARN_DIRECT_OBJC_ISA_USAGE = YES_ERROR;
				CLANG_WARN_DOCUMENTATION_COMMENTS = YES;
				CLANG_WARN_EMPTY_BODY = YES;
				CLANG_WARN_ENUM_CONVERSION = YES;
				CLANG_WARN_INFINITE_RECURSION = YES;
				CLANG_WARN_INT_CONVERSION = YES;
				CLANG_WARN_NON_LITERAL_NULL_CONVERSION = YES;
				CLANG_WARN_OBJC_IMPLICIT_RETAIN_SELF = YES;
				CLANG_WARN_OBJC_LITERAL_CONVERSION = YES;
				CLANG_WARN_OBJC_ROOT_CLASS = YES_ERROR;
				CLANG_WARN_QUOTED_INCLUDE_IN_FRAMEWORK_HEADER = YES;
				CLANG_WARN_RANGE_LOOP_ANALYSIS = YES;
				CLANG_WARN_STRICT_PROTOTYPES = YES;
				CLANG_WARN_SUSPICIOUS_MOVE = YES;
				CLANG_WARN_UNGUARDED_AVAILABILITY = YES_AGGRESSIVE;
				CLANG_WARN_UNREACHABLE_CODE = YES;
				CLANG_WARN__DUPLICATE_METHOD_MATCH = YES;
				COPY_PHASE_STRIP = NO;
				DEBUG_INFORMATION_FORMAT = "dwarf-with-dsym";
				ENABLE_NS_ASSERTIONS = NO;
				ENABLE_STRICT_OBJC_MSGSEND = YES;
				GCC_C_LANGUAGE_STANDARD = gnu11;
				GCC_NO_COMMON_BLOCKS = YES;
				GCC_WARN_64_TO_32_BIT_CONVERSION = YES;
				GCC_WARN_ABOUT_RETURN_TYPE = YES_ERROR;
				GCC_WARN_UNDECLARED_SELECTOR = YES;
				GCC_WARN_UNINITIALIZED_AUTOS = YES_AGGRESSIVE;
				GCC_WARN_UNUSED_FUNCTION = YES;
				GCC_WARN_UNUSED_VARIABLE = YES;
				IPHONEOS_DEPLOYMENT_TARGET = 14.3;
				MTL_ENABLE_DEBUG_INFO = NO;
				MTL_FAST_MATH = YES;
				SDKROOT = iphoneos;
				SWIFT_COMPILATION_MODE = wholemodule;
				SWIFT_OPTIMIZATION_LEVEL = "-O";
				VALIDATE_PRODUCT = YES;
			};
			name = Release;
		};
		F339BD3225AB814C004DB611 /* Debug */ = {
			isa = XCBuildConfiguration;
			baseConfigurationReference = BB4256AF3E4DCAE60EEF4AFA /* Pods-WeatherForecast.debug.xcconfig */;
			buildSettings = {
				ASSETCATALOG_COMPILER_APPICON_NAME = AppIcon;
				ASSETCATALOG_COMPILER_GLOBAL_ACCENT_COLOR_NAME = AccentColor;
				CODE_SIGN_STYLE = Automatic;
				DEVELOPMENT_TEAM = N38KM23RA6;
				INFOPLIST_FILE = WeatherForecast/Info.plist;
				IPHONEOS_DEPLOYMENT_TARGET = 14.2;
				LD_RUNPATH_SEARCH_PATHS = (
					"$(inherited)",
					"@executable_path/Frameworks",
				);
				PRODUCT_BUNDLE_IDENTIFIER = org.wa.WeatherForecast;
				PRODUCT_NAME = "$(TARGET_NAME)";
				SWIFT_VERSION = 5.0;
				TARGETED_DEVICE_FAMILY = "1,2";
			};
			name = Debug;
		};
		F339BD3325AB814C004DB611 /* Release */ = {
			isa = XCBuildConfiguration;
			baseConfigurationReference = F1AD9818C900E88D68683A41 /* Pods-WeatherForecast.release.xcconfig */;
			buildSettings = {
				ASSETCATALOG_COMPILER_APPICON_NAME = AppIcon;
				ASSETCATALOG_COMPILER_GLOBAL_ACCENT_COLOR_NAME = AccentColor;
				CODE_SIGN_STYLE = Automatic;
				DEVELOPMENT_TEAM = N38KM23RA6;
				INFOPLIST_FILE = WeatherForecast/Info.plist;
				IPHONEOS_DEPLOYMENT_TARGET = 14.2;
				LD_RUNPATH_SEARCH_PATHS = (
					"$(inherited)",
					"@executable_path/Frameworks",
				);
				PRODUCT_BUNDLE_IDENTIFIER = org.wa.WeatherForecast;
				PRODUCT_NAME = "$(TARGET_NAME)";
				SWIFT_VERSION = 5.0;
				TARGETED_DEVICE_FAMILY = "1,2";
			};
			name = Release;
		};
/* End XCBuildConfiguration section */

/* Begin XCConfigurationList section */
		F339BD1825AB814B004DB611 /* Build configuration list for PBXProject "WeatherForecast" */ = {
			isa = XCConfigurationList;
			buildConfigurations = (
				F339BD2F25AB814C004DB611 /* Debug */,
				F339BD3025AB814C004DB611 /* Release */,
			);
			defaultConfigurationIsVisible = 0;
			defaultConfigurationName = Release;
		};
		F339BD3125AB814C004DB611 /* Build configuration list for PBXNativeTarget "WeatherForecast" */ = {
			isa = XCConfigurationList;
			buildConfigurations = (
				F339BD3225AB814C004DB611 /* Debug */,
				F339BD3325AB814C004DB611 /* Release */,
			);
			defaultConfigurationIsVisible = 0;
			defaultConfigurationName = Release;
		};
/* End XCConfigurationList section */
	};
	rootObject = F339BD1525AB814B004DB611 /* Project object */;
}
